
Microsoft Visual Studio Solution File, Format Version 12.00
# Visual Studio Version 16
VisualStudioVersion = 16.0.31911.196
MinimumVisualStudioVersion = 10.0.40219.1
Project("{FAE04EC0-301F-11D3-BF4B-00C04F79EFBC}") = "A2ReshamKukreja", "A2ReshamKukreja\A2ReshamKukreja.csproj", "{F9FA1854-33D0-45B3-9F4B-2D7BE6A36D26}"
EndProject
Global
	GlobalSection(SolutionConfigurationPlatforms) = preSolution
		Debug|Any CPU = Debug|Any CPU
		Release|Any CPU = Release|Any CPU
	EndGlobalSection
	GlobalSection(ProjectConfigurationPlatforms) = postSolution
		{F9FA1854-33D0-45B3-9F4B-2D7BE6A36D26}.Debug|Any CPU.ActiveCfg = Debug|Any CPU
		{F9FA1854-33D0-45B3-9F4B-2D7BE6A36D26}.Debug|Any CPU.Build.0 = Debug|Any CPU
		{F9FA1854-33D0-45B3-9F4B-2D7BE6A36D26}.Release|Any CPU.ActiveCfg = Release|Any CPU
		{F9FA1854-33D0-45B3-9F4B-2D7BE6A36D26}.Release|Any CPU.Build.0 = Release|Any CPU
	EndGlobalSection
	GlobalSection(SolutionProperties) = preSolution
		HideSolutionNode = FALSE
	EndGlobalSection
	GlobalSection(ExtensibilityGlobals) = postSolution
		SolutionGuid = {296D5880-BFCE-4CAE-97DF-BD63F72844BF}
	EndGlobalSection
EndGlobal
